
Microsoft Visual Studio Solution File, Format Version 12.00
# Visual Studio Version 17
VisualStudioVersion = 17.5.33424.131
MinimumVisualStudioVersion = 10.0.40219.1
Project("{FAE04EC0-301F-11D3-BF4B-00C04F79EFBC}") = "Cat.tamagochi", "Cat.tamagochi\Cat.tamagochi.csproj", "{271006B1-6EBF-43AD-8CE3-9F94827D6ABD}"
EndProject
Global
	GlobalSection(SolutionConfigurationPlatforms) = preSolution
		Debug|Any CPU = Debug|Any CPU
		Release|Any CPU = Release|Any CPU
	EndGlobalSection
	GlobalSection(ProjectConfigurationPlatforms) = postSolution
		{271006B1-6EBF-43AD-8CE3-9F94827D6ABD}.Debug|Any CPU.ActiveCfg = Debug|Any CPU
		{271006B1-6EBF-43AD-8CE3-9F94827D6ABD}.Debug|Any CPU.Build.0 = Debug|Any CPU
		{271006B1-6EBF-43AD-8CE3-9F94827D6ABD}.Release|Any CPU.ActiveCfg = Release|Any CPU
		{271006B1-6EBF-43AD-8CE3-9F94827D6ABD}.Release|Any CPU.Build.0 = Release|Any CPU
	EndGlobalSection
	GlobalSection(SolutionProperties) = preSolution
		HideSolutionNode = FALSE
	EndGlobalSection
	GlobalSection(ExtensibilityGlobals) = postSolution
		SolutionGuid = {7727F9B3-7ACA-44D2-A39F-668422334ACC}
	EndGlobalSection
EndGlobal
